
Microsoft Visual Studio Solution File, Format Version 12.00
# Visual Studio Version 17
VisualStudioVersion = 17.7.34031.279
MinimumVisualStudioVersion = 10.0.40219.1
Project("{FAE04EC0-301F-11D3-BF4B-00C04F79EFBC}") = "CrimeStats.Api", "CrimeStats.Api\CrimeStats.Api.csproj", "{80A751EC-B2E3-4CCB-BA34-5891EE5A388D}"
EndProject
Project("{FAE04EC0-301F-11D3-BF4B-00C04F79EFBC}") = "CrimeStats.Domain", "CrimeStats.Domain\CrimeStats.Domain.csproj", "{CCABB1E3-7D1F-4349-ACD3-C5F6DD19BB38}"
EndProject
Project("{FAE04EC0-301F-11D3-BF4B-00C04F79EFBC}") = "CrimeStats.Application", "CrimeStats.Application\CrimeStats.Application.csproj", "{A92CB9AD-19EA-497B-83AD-0E0C499FC558}"
EndProject
Global
	GlobalSection(SolutionConfigurationPlatforms) = preSolution
		Debug|Any CPU = Debug|Any CPU
		Release|Any CPU = Release|Any CPU
	EndGlobalSection
	GlobalSection(ProjectConfigurationPlatforms) = postSolution
		{80A751EC-B2E3-4CCB-BA34-5891EE5A388D}.Debug|Any CPU.ActiveCfg = Debug|Any CPU
		{80A751EC-B2E3-4CCB-BA34-5891EE5A388D}.Debug|Any CPU.Build.0 = Debug|Any CPU
		{80A751EC-B2E3-4CCB-BA34-5891EE5A388D}.Release|Any CPU.ActiveCfg = Release|Any CPU
		{80A751EC-B2E3-4CCB-BA34-5891EE5A388D}.Release|Any CPU.Build.0 = Release|Any CPU
		{CCABB1E3-7D1F-4349-ACD3-C5F6DD19BB38}.Debug|Any CPU.ActiveCfg = Debug|Any CPU
		{CCABB1E3-7D1F-4349-ACD3-C5F6DD19BB38}.Debug|Any CPU.Build.0 = Debug|Any CPU
		{CCABB1E3-7D1F-4349-ACD3-C5F6DD19BB38}.Release|Any CPU.ActiveCfg = Release|Any CPU
		{CCABB1E3-7D1F-4349-ACD3-C5F6DD19BB38}.Release|Any CPU.Build.0 = Release|Any CPU
		{A92CB9AD-19EA-497B-83AD-0E0C499FC558}.Debug|Any CPU.ActiveCfg = Debug|Any CPU
		{A92CB9AD-19EA-497B-83AD-0E0C499FC558}.Debug|Any CPU.Build.0 = Debug|Any CPU
		{A92CB9AD-19EA-497B-83AD-0E0C499FC558}.Release|Any CPU.ActiveCfg = Release|Any CPU
		{A92CB9AD-19EA-497B-83AD-0E0C499FC558}.Release|Any CPU.Build.0 = Release|Any CPU
	EndGlobalSection
	GlobalSection(SolutionProperties) = preSolution
		HideSolutionNode = FALSE
	EndGlobalSection
	GlobalSection(ExtensibilityGlobals) = postSolution
		SolutionGuid = {C308330F-B95E-4C5A-9130-EE2F634908D8}
	EndGlobalSection
EndGlobal
